
Microsoft Visual Studio Solution File, Format Version 12.00
# Visual Studio 2012
Project("{FAE04EC0-301F-11D3-BF4B-00C04F79EFBC}") = "MazeSolver", "MazeSolver\MazeSolver.csproj", "{3D5F2077-38A3-4F66-94CF-2A9FF330BF33}"
EndProject
Project("{FAE04EC0-301F-11D3-BF4B-00C04F79EFBC}") = "MazeSolverTests", "MazeSolverTests\MazeSolverTests.csproj", "{2F4B0F83-2628-45F4-8AE3-E6E9C2FEC09B}"
EndProject
Global
	GlobalSection(SolutionConfigurationPlatforms) = preSolution
		Debug|Any CPU = Debug|Any CPU
		Release|Any CPU = Release|Any CPU
	EndGlobalSection
	GlobalSection(ProjectConfigurationPlatforms) = postSolution
		{3D5F2077-38A3-4F66-94CF-2A9FF330BF33}.Debug|Any CPU.ActiveCfg = Debug|Any CPU
		{3D5F2077-38A3-4F66-94CF-2A9FF330BF33}.Debug|Any CPU.Build.0 = Debug|Any CPU
		{3D5F2077-38A3-4F66-94CF-2A9FF330BF33}.Release|Any CPU.ActiveCfg = Release|Any CPU
		{3D5F2077-38A3-4F66-94CF-2A9FF330BF33}.Release|Any CPU.Build.0 = Release|Any CPU
		{2F4B0F83-2628-45F4-8AE3-E6E9C2FEC09B}.Debug|Any CPU.ActiveCfg = Debug|Any CPU
		{2F4B0F83-2628-45F4-8AE3-E6E9C2FEC09B}.Debug|Any CPU.Build.0 = Debug|Any CPU
		{2F4B0F83-2628-45F4-8AE3-E6E9C2FEC09B}.Release|Any CPU.ActiveCfg = Release|Any CPU
		{2F4B0F83-2628-45F4-8AE3-E6E9C2FEC09B}.Release|Any CPU.Build.0 = Release|Any CPU
	EndGlobalSection
	GlobalSection(SolutionProperties) = preSolution
		HideSolutionNode = FALSE
	EndGlobalSection
EndGlobal
